
Microsoft Visual Studio Solution File, Format Version 12.00
# Visual Studio Version 16
VisualStudioVersion = 16.0.30413.136
MinimumVisualStudioVersion = 10.0.40219.1
Project("{9A19103F-16F7-4668-BE54-9A1E7A4F7556}") = "Weikio.NugetDownloader", "Weikio.NugetDownloader\Weikio.NugetDownloader.csproj", "{4BCDAB59-F231-4241-B6BE-93BDC047C86F}"
EndProject
Project("{2150E333-8FDC-42A3-9474-1A3956D46DE8}") = "Tests", "Tests", "{D712A662-C87A-433F-B3BC-2E5DB5EAB0A5}"
EndProject
Project("{9A19103F-16F7-4668-BE54-9A1E7A4F7556}") = "Weikio.NugetDownloader.Tests", "..\tests\integration\Weikio.NugetDownloader.Tests\Weikio.NugetDownloader.Tests.csproj", "{09606C73-4CAE-4069-9B74-A623F7957E4F}"
EndProject
Global
	GlobalSection(SolutionConfigurationPlatforms) = preSolution
		Debug|Any CPU = Debug|Any CPU
		Release|Any CPU = Release|Any CPU
	EndGlobalSection
	GlobalSection(ProjectConfigurationPlatforms) = postSolution
		{4BCDAB59-F231-4241-B6BE-93BDC047C86F}.Debug|Any CPU.ActiveCfg = Debug|Any CPU
		{4BCDAB59-F231-4241-B6BE-93BDC047C86F}.Debug|Any CPU.Build.0 = Debug|Any CPU
		{4BCDAB59-F231-4241-B6BE-93BDC047C86F}.Release|Any CPU.ActiveCfg = Release|Any CPU
		{4BCDAB59-F231-4241-B6BE-93BDC047C86F}.Release|Any CPU.Build.0 = Release|Any CPU
		{09606C73-4CAE-4069-9B74-A623F7957E4F}.Debug|Any CPU.ActiveCfg = Debug|Any CPU
		{09606C73-4CAE-4069-9B74-A623F7957E4F}.Debug|Any CPU.Build.0 = Debug|Any CPU
		{09606C73-4CAE-4069-9B74-A623F7957E4F}.Release|Any CPU.ActiveCfg = Release|Any CPU
		{09606C73-4CAE-4069-9B74-A623F7957E4F}.Release|Any CPU.Build.0 = Release|Any CPU
	EndGlobalSection
	GlobalSection(SolutionProperties) = preSolution
		HideSolutionNode = FALSE
	EndGlobalSection
	GlobalSection(NestedProjects) = preSolution
		{09606C73-4CAE-4069-9B74-A623F7957E4F} = {D712A662-C87A-433F-B3BC-2E5DB5EAB0A5}
	EndGlobalSection
	GlobalSection(ExtensibilityGlobals) = postSolution
		SolutionGuid = {69466E23-050E-41B5-945E-367A476EF6CB}
	EndGlobalSection
EndGlobal
